{
  "version": 4,
  "terraform_version": "1.15.5",
  "serial": 1,
  "lineage": "0c05f275-c4fa-c6b0-428c-b346dcf26046",
  "outputs": {},
  "resources": [
    {
      "mode": "managed",
      "type": "random_id",
      "name": "suffix",
      "provider": "provider[\"registry.terraform.io/hashicorp/random\"]",
      "instances": [
        {
          "schema_version": 0,
          "attributes": {
            "b64_std": "2nI2CQ==",
            "b64_url": "2nI2CQ",
            "byte_length": 4,
            "dec": "3664918025",
            "hex": "da723609",
            "id": "2nI2CQ",
            "keepers": null,
            "prefix": null
          },
          "sensitive_attributes": [],
          "identity_schema_version": 0
        }
      ]
    }
  ],
  "check_results": null
}
